// !$*UTF8*$!
{
	archiveVersion = 1;
	classes = {
	};
	objectVersion = 48;
	objects = {

/* Begin PBXBuildFile section */
		17A7E3575554C8F9693423EB /* Pods_CurrencyInfo.framework in Frameworks */ = {isa = PBXBuildFile; fileRef = 752254A1A52CB649C7B6DB92 /* Pods_CurrencyInfo.framework */; };
		7E3DF51AB41AB3A8D78F9C07 /* Pods_CurrencyInfoTests.framework in Frameworks */ = {isa = PBXBuildFile; fileRef = 433AF9EB1EE7933E9BBD8911 /* Pods_CurrencyInfoTests.framework */; };
		A2E0389096DB2B2B804E1DD0 /* Pods_CurrencyInfoUITests.framework in Frameworks */ = {isa = PBXBuildFile; fileRef = E7BB8D9817A5121A0C6EF159 /* Pods_CurrencyInfoUITests.framework */; };
		EF199282201F698900D06A94 /* AppDelegate.swift in Sources */ = {isa = PBXBuildFile; fileRef = EF199281201F698900D06A94 /* AppDelegate.swift */; };
		EF199289201F698900D06A94 /* Main.storyboard in Resources */ = {isa = PBXBuildFile; fileRef = EF199287201F698900D06A94 /* Main.storyboard */; };
		EF19928B201F698900D06A94 /* Assets.xcassets in Resources */ = {isa = PBXBuildFile; fileRef = EF19928A201F698900D06A94 /* Assets.xcassets */; };
		EF19928E201F698900D06A94 /* LaunchScreen.storyboard in Resources */ = {isa = PBXBuildFile; fileRef = EF19928C201F698900D06A94 /* LaunchScreen.storyboard */; };
		EF199299201F698900D06A94 /* CurrencyInfoTests.swift in Sources */ = {isa = PBXBuildFile; fileRef = EF199298201F698900D06A94 /* CurrencyInfoTests.swift */; };
		EF1992A4201F698900D06A94 /* CurrencyInfoUITests.swift in Sources */ = {isa = PBXBuildFile; fileRef = EF1992A3201F698900D06A94 /* CurrencyInfoUITests.swift */; };
		EF1992BD201F6B1C00D06A94 /* CIFollowController.swift in Sources */ = {isa = PBXBuildFile; fileRef = EF1992BC201F6B1C00D06A94 /* CIFollowController.swift */; };
		EF1992BF201F6C6A00D06A94 /* CIService.swift in Sources */ = {isa = PBXBuildFile; fileRef = EF1992BE201F6C6A00D06A94 /* CIService.swift */; };
		EF1992C1201F6CE400D06A94 /* CIDao.swift in Sources */ = {isa = PBXBuildFile; fileRef = EF1992C0201F6CE400D06A94 /* CIDao.swift */; };
		EF1992C3201F6D3A00D06A94 /* CICoinInfo.swift in Sources */ = {isa = PBXBuildFile; fileRef = EF1992C2201F6D3A00D06A94 /* CICoinInfo.swift */; };
		EF1992C5201F6DBA00D06A94 /* CICoinListController.swift in Sources */ = {isa = PBXBuildFile; fileRef = EF1992C4201F6DBA00D06A94 /* CICoinListController.swift */; };
		EF1992C7201F6DEC00D06A94 /* CICoinListViewModel.swift in Sources */ = {isa = PBXBuildFile; fileRef = EF1992C6201F6DEC00D06A94 /* CICoinListViewModel.swift */; };
		EF1992C9201F6E0800D06A94 /* CICoinFollowViewModel.swift in Sources */ = {isa = PBXBuildFile; fileRef = EF1992C8201F6E0800D06A94 /* CICoinFollowViewModel.swift */; };
		EF1992CB201F6F0700D06A94 /* CICoinModel.swift in Sources */ = {isa = PBXBuildFile; fileRef = EF1992CA201F6F0700D06A94 /* CICoinModel.swift */; };
		EF78CFB4201F757A00843D9A /* CICoinInfoTableViewCell.swift in Sources */ = {isa = PBXBuildFile; fileRef = EF78CFB3201F757A00843D9A /* CICoinInfoTableViewCell.swift */; };
		EF78CFB62020780300843D9A /* CICoinFollowTableViewCell.swift in Sources */ = {isa = PBXBuildFile; fileRef = EF78CFB52020780300843D9A /* CICoinFollowTableViewCell.swift */; };
		EF78CFB820209F7200843D9A /* GoogleService-Info.plist in Resources */ = {isa = PBXBuildFile; fileRef = EF78CFB720209F7200843D9A /* GoogleService-Info.plist */; };
/* End PBXBuildFile section */

/* Begin PBXContainerItemProxy section */
		EF199295201F698900D06A94 /* PBXContainerItemProxy */ = {
			isa = PBXContainerItemProxy;
			containerPortal = EF199276201F698900D06A94 /* Project object */;
			proxyType = 1;
			remoteGlobalIDString = EF19927D201F698900D06A94;
			remoteInfo = CurrencyInfo;
		};
		EF1992A0201F698900D06A94 /* PBXContainerItemProxy */ = {
			isa = PBXContainerItemProxy;
			containerPortal = EF199276201F698900D06A94 /* Project object */;
			proxyType = 1;
			remoteGlobalIDString = EF19927D201F698900D06A94;
			remoteInfo = CurrencyInfo;
		};
/* End PBXContainerItemProxy section */

/* Begin PBXFileReference section */
		09D7CB90BCB7B4EFB445EAAC /* Pods-CurrencyInfoUITests.release.xcconfig */ = {isa = PBXFileReference; includeInIndex = 1; lastKnownFileType = text.xcconfig; name = "Pods-CurrencyInfoUITests.release.xcconfig"; path = "Pods/Target Support Files/Pods-CurrencyInfoUITests/Pods-CurrencyInfoUITests.release.xcconfig"; sourceTree = "<group>"; };
		11E181C931002613C8558409 /* Pods-CurrencyInfoUITests.debug.xcconfig */ = {isa = PBXFileReference; includeInIndex = 1; lastKnownFileType = text.xcconfig; name = "Pods-CurrencyInfoUITests.debug.xcconfig"; path = "Pods/Target Support Files/Pods-CurrencyInfoUITests/Pods-CurrencyInfoUITests.debug.xcconfig"; sourceTree = "<group>"; };
		15D8C33A94DBF18C099A7BF5 /* Pods-CurrencyInfo.release.xcconfig */ = {isa = PBXFileReference; includeInIndex = 1; lastKnownFileType = text.xcconfig; name = "Pods-CurrencyInfo.release.xcconfig"; path = "Pods/Target Support Files/Pods-CurrencyInfo/Pods-CurrencyInfo.release.xcconfig"; sourceTree = "<group>"; };
		433AF9EB1EE7933E9BBD8911 /* Pods_CurrencyInfoTests.framework */ = {isa = PBXFileReference; explicitFileType = wrapper.framework; includeInIndex = 0; path = Pods_CurrencyInfoTests.framework; sourceTree = BUILT_PRODUCTS_DIR; };
		69A6B6CB3510A13A9D59C2FA /* Pods-CurrencyInfo.debug.xcconfig */ = {isa = PBXFileReference; includeInIndex = 1; lastKnownFileType = text.xcconfig; name = "Pods-CurrencyInfo.debug.xcconfig"; path = "Pods/Target Support Files/Pods-CurrencyInfo/Pods-CurrencyInfo.debug.xcconfig"; sourceTree = "<group>"; };
		6D8B28CB242410D7D4CFA569 /* Pods-CurrencyInfoTests.release.xcconfig */ = {isa = PBXFileReference; includeInIndex = 1; lastKnownFileType = text.xcconfig; name = "Pods-CurrencyInfoTests.release.xcconfig"; path = "Pods/Target Support Files/Pods-CurrencyInfoTests/Pods-CurrencyInfoTests.release.xcconfig"; sourceTree = "<group>"; };
		752254A1A52CB649C7B6DB92 /* Pods_CurrencyInfo.framework */ = {isa = PBXFileReference; explicitFileType = wrapper.framework; includeInIndex = 0; path = Pods_CurrencyInfo.framework; sourceTree = BUILT_PRODUCTS_DIR; };
		D07F6F687D5574D8DB840013 /* Pods-CurrencyInfoTests.debug.xcconfig */ = {isa = PBXFileReference; includeInIndex = 1; lastKnownFileType = text.xcconfig; name = "Pods-CurrencyInfoTests.debug.xcconfig"; path = "Pods/Target Support Files/Pods-CurrencyInfoTests/Pods-CurrencyInfoTests.debug.xcconfig"; sourceTree = "<group>"; };
		E7BB8D9817A5121A0C6EF159 /* Pods_CurrencyInfoUITests.framework */ = {isa = PBXFileReference; explicitFileType = wrapper.framework; includeInIndex = 0; path = Pods_CurrencyInfoUITests.framework; sourceTree = BUILT_PRODUCTS_DIR; };
		EF19927E201F698900D06A94 /* CurrencyInfo.app */ = {isa = PBXFileReference; explicitFileType = wrapper.application; includeInIndex = 0; path = CurrencyInfo.app; sourceTree = BUILT_PRODUCTS_DIR; };
		EF199281201F698900D06A94 /* AppDelegate.swift */ = {isa = PBXFileReference; lastKnownFileType = sourcecode.swift; path = AppDelegate.swift; sourceTree = "<group>"; };
		EF199288201F698900D06A94 /* Base */ = {isa = PBXFileReference; lastKnownFileType = file.storyboard; name = Base; path = Base.lproj/Main.storyboard; sourceTree = "<group>"; };
		EF19928A201F698900D06A94 /* Assets.xcassets */ = {isa = PBXFileReference; lastKnownFileType = folder.assetcatalog; path = Assets.xcassets; sourceTree = "<group>"; };
		EF19928D201F698900D06A94 /* Base */ = {isa = PBXFileReference; lastKnownFileType = file.storyboard; name = Base; path = Base.lproj/LaunchScreen.storyboard; sourceTree = "<group>"; };
		EF19928F201F698900D06A94 /* Info.plist */ = {isa = PBXFileReference; lastKnownFileType = text.plist.xml; path = Info.plist; sourceTree = "<group>"; };
		EF199294201F698900D06A94 /* CurrencyInfoTests.xctest */ = {isa = PBXFileReference; explicitFileType = wrapper.cfbundle; includeInIndex = 0; path = CurrencyInfoTests.xctest; sourceTree = BUILT_PRODUCTS_DIR; };
		EF199298201F698900D06A94 /* CurrencyInfoTests.swift */ = {isa = PBXFileReference; lastKnownFileType = sourcecode.swift; path = CurrencyInfoTests.swift; sourceTree = "<group>"; };
		EF19929A201F698900D06A94 /* Info.plist */ = {isa = PBXFileReference; lastKnownFileType = text.plist.xml; path = Info.plist; sourceTree = "<group>"; };
		EF19929F201F698900D06A94 /* CurrencyInfoUITests.xctest */ = {isa = PBXFileReference; explicitFileType = wrapper.cfbundle; includeInIndex = 0; path = CurrencyInfoUITests.xctest; sourceTree = BUILT_PRODUCTS_DIR; };
		EF1992A3201F698900D06A94 /* CurrencyInfoUITests.swift */ = {isa = PBXFileReference; lastKnownFileType = sourcecode.swift; path = CurrencyInfoUITests.swift; sourceTree = "<group>"; };
		EF1992A5201F698900D06A94 /* Info.plist */ = {isa = PBXFileReference; lastKnownFileType = text.plist.xml; path = Info.plist; sourceTree = "<group>"; };
		EF1992BC201F6B1C00D06A94 /* CIFollowController.swift */ = {isa = PBXFileReference; lastKnownFileType = sourcecode.swift; path = CIFollowController.swift; sourceTree = "<group>"; };
		EF1992BE201F6C6A00D06A94 /* CIService.swift */ = {isa = PBXFileReference; lastKnownFileType = sourcecode.swift; path = CIService.swift; sourceTree = "<group>"; };
		EF1992C0201F6CE400D06A94 /* CIDao.swift */ = {isa = PBXFileReference; lastKnownFileType = sourcecode.swift; path = CIDao.swift; sourceTree = "<group>"; };
		EF1992C2201F6D3A00D06A94 /* CICoinInfo.swift */ = {isa = PBXFileReference; lastKnownFileType = sourcecode.swift; path = CICoinInfo.swift; sourceTree = "<group>"; };
		EF1992C4201F6DBA00D06A94 /* CICoinListController.swift */ = {isa = PBXFileReference; lastKnownFileType = sourcecode.swift; path = CICoinListController.swift; sourceTree = "<group>"; };
		EF1992C6201F6DEC00D06A94 /* CICoinListViewModel.swift */ = {isa = PBXFileReference; lastKnownFileType = sourcecode.swift; path = CICoinListViewModel.swift; sourceTree = "<group>"; };
		EF1992C8201F6E0800D06A94 /* CICoinFollowViewModel.swift */ = {isa = PBXFileReference; lastKnownFileType = sourcecode.swift; path = CICoinFollowViewModel.swift; sourceTree = "<group>"; };
		EF1992CA201F6F0700D06A94 /* CICoinModel.swift */ = {isa = PBXFileReference; lastKnownFileType = sourcecode.swift; path = CICoinModel.swift; sourceTree = "<group>"; };
		EF78CFB3201F757A00843D9A /* CICoinInfoTableViewCell.swift */ = {isa = PBXFileReference; lastKnownFileType = sourcecode.swift; path = CICoinInfoTableViewCell.swift; sourceTree = "<group>"; };
		EF78CFB52020780300843D9A /* CICoinFollowTableViewCell.swift */ = {isa = PBXFileReference; lastKnownFileType = sourcecode.swift; path = CICoinFollowTableViewCell.swift; sourceTree = "<group>"; };
		EF78CFB720209F7200843D9A /* GoogleService-Info.plist */ = {isa = PBXFileReference; fileEncoding = 4; lastKnownFileType = text.plist.xml; path = "GoogleService-Info.plist"; sourceTree = "<group>"; };
/* End PBXFileReference section */

/* Begin PBXFrameworksBuildPhase section */
		EF19927B201F698900D06A94 /* Frameworks */ = {
			isa = PBXFrameworksBuildPhase;
			buildActionMask = 2147483647;
			files = (
				17A7E3575554C8F9693423EB /* Pods_CurrencyInfo.framework in Frameworks */,
			);
			runOnlyForDeploymentPostprocessing = 0;
		};
		EF199291201F698900D06A94 /* Frameworks */ = {
			isa = PBXFrameworksBuildPhase;
			buildActionMask = 2147483647;
			files = (
				7E3DF51AB41AB3A8D78F9C07 /* Pods_CurrencyInfoTests.framework in Frameworks */,
			);
			runOnlyForDeploymentPostprocessing = 0;
		};
		EF19929C201F698900D06A94 /* Frameworks */ = {
			isa = PBXFrameworksBuildPhase;
			buildActionMask = 2147483647;
			files = (
				A2E0389096DB2B2B804E1DD0 /* Pods_CurrencyInfoUITests.framework in Frameworks */,
			);
			runOnlyForDeploymentPostprocessing = 0;
		};
/* End PBXFrameworksBuildPhase section */

/* Begin PBXGroup section */
		80A3092A2357EEDA94CFDB32 /* Pods */ = {
			isa = PBXGroup;
			children = (
				69A6B6CB3510A13A9D59C2FA /* Pods-CurrencyInfo.debug.xcconfig */,
				15D8C33A94DBF18C099A7BF5 /* Pods-CurrencyInfo.release.xcconfig */,
				D07F6F687D5574D8DB840013 /* Pods-CurrencyInfoTests.debug.xcconfig */,
				6D8B28CB242410D7D4CFA569 /* Pods-CurrencyInfoTests.release.xcconfig */,
				11E181C931002613C8558409 /* Pods-CurrencyInfoUITests.debug.xcconfig */,
				09D7CB90BCB7B4EFB445EAAC /* Pods-CurrencyInfoUITests.release.xcconfig */,
			);
			name = Pods;
			sourceTree = "<group>";
		};
		90232B4E3BD8F68CF3E24CB8 /* Frameworks */ = {
			isa = PBXGroup;
			children = (
				752254A1A52CB649C7B6DB92 /* Pods_CurrencyInfo.framework */,
				433AF9EB1EE7933E9BBD8911 /* Pods_CurrencyInfoTests.framework */,
				E7BB8D9817A5121A0C6EF159 /* Pods_CurrencyInfoUITests.framework */,
			);
			name = Frameworks;
			sourceTree = "<group>";
		};
		EF199275201F698900D06A94 = {
			isa = PBXGroup;
			children = (
				EF199280201F698900D06A94 /* CurrencyInfo */,
				EF199297201F698900D06A94 /* CurrencyInfoTests */,
				EF1992A2201F698900D06A94 /* CurrencyInfoUITests */,
				EF19927F201F698900D06A94 /* Products */,
				80A3092A2357EEDA94CFDB32 /* Pods */,
				90232B4E3BD8F68CF3E24CB8 /* Frameworks */,
			);
			sourceTree = "<group>";
		};
		EF19927F201F698900D06A94 /* Products */ = {
			isa = PBXGroup;
			children = (
				EF19927E201F698900D06A94 /* CurrencyInfo.app */,
				EF199294201F698900D06A94 /* CurrencyInfoTests.xctest */,
				EF19929F201F698900D06A94 /* CurrencyInfoUITests.xctest */,
			);
			name = Products;
			sourceTree = "<group>";
		};
		EF199280201F698900D06A94 /* CurrencyInfo */ = {
			isa = PBXGroup;
			children = (
				EF1992B9201F6A9600D06A94 /* Storyboards */,
				EF1992B7201F69CB00D06A94 /* Coordinators */,
				EF1992B6201F69C200D06A94 /* Controllers */,
				EF1992B5201F69BC00D06A94 /* Views */,
				EF1992B4201F69B300D06A94 /* ViewModels */,
				EF1992B2201F69A200D06A94 /* Service */,
				EF1992B1201F699800D06A94 /* Database */,
				EF199281201F698900D06A94 /* AppDelegate.swift */,
				EF19928A201F698900D06A94 /* Assets.xcassets */,
				EF19928C201F698900D06A94 /* LaunchScreen.storyboard */,
				EF78CFB720209F7200843D9A /* GoogleService-Info.plist */,
				EF19928F201F698900D06A94 /* Info.plist */,
			);
			path = CurrencyInfo;
			sourceTree = "<group>";
		};
		EF199297201F698900D06A94 /* CurrencyInfoTests */ = {
			isa = PBXGroup;
			children = (
				EF199298201F698900D06A94 /* CurrencyInfoTests.swift */,
				EF19929A201F698900D06A94 /* Info.plist */,
			);
			path = CurrencyInfoTests;
			sourceTree = "<group>";
		};
		EF1992A2201F698900D06A94 /* CurrencyInfoUITests */ = {
			isa = PBXGroup;
			children = (
				EF1992A3201F698900D06A94 /* CurrencyInfoUITests.swift */,
				EF1992A5201F698900D06A94 /* Info.plist */,
			);
			path = CurrencyInfoUITests;
			sourceTree = "<group>";
		};
		EF1992B1201F699800D06A94 /* Database */ = {
			isa = PBXGroup;
			children = (
				EF1992B3201F69A900D06A94 /* DatabaseModels */,
				EF1992C0201F6CE400D06A94 /* CIDao.swift */,
			);
			path = Database;
			sourceTree = "<group>";
		};
		EF1992B2201F69A200D06A94 /* Service */ = {
			isa = PBXGroup;
			children = (
				EF1992B8201F6A3C00D06A94 /* ServiceModels */,
				EF1992BE201F6C6A00D06A94 /* CIService.swift */,
			);
			path = Service;
			sourceTree = "<group>";
		};
		EF1992B3201F69A900D06A94 /* DatabaseModels */ = {
			isa = PBXGroup;
			children = (
				EF1992C2201F6D3A00D06A94 /* CICoinInfo.swift */,
			);
			path = DatabaseModels;
			sourceTree = "<group>";
		};
		EF1992B4201F69B300D06A94 /* ViewModels */ = {
			isa = PBXGroup;
			children = (
				EF1992C6201F6DEC00D06A94 /* CICoinListViewModel.swift */,
				EF1992C8201F6E0800D06A94 /* CICoinFollowViewModel.swift */,
			);
			path = ViewModels;
			sourceTree = "<group>";
		};
		EF1992B5201F69BC00D06A94 /* Views */ = {
			isa = PBXGroup;
			children = (
				EF78CFB3201F757A00843D9A /* CICoinInfoTableViewCell.swift */,
				EF78CFB52020780300843D9A /* CICoinFollowTableViewCell.swift */,
			);
			path = Views;
			sourceTree = "<group>";
		};
		EF1992B6201F69C200D06A94 /* Controllers */ = {
			isa = PBXGroup;
			children = (
				EF1992BC201F6B1C00D06A94 /* CIFollowController.swift */,
				EF1992C4201F6DBA00D06A94 /* CICoinListController.swift */,
			);
			path = Controllers;
			sourceTree = "<group>";
		};
		EF1992B7201F69CB00D06A94 /* Coordinators */ = {
			isa = PBXGroup;
			children = (
			);
			path = Coordinators;
			sourceTree = "<group>";
		};
		EF1992B8201F6A3C00D06A94 /* ServiceModels */ = {
			isa = PBXGroup;
			children = (
				EF1992CA201F6F0700D06A94 /* CICoinModel.swift */,
			);
			path = ServiceModels;
			sourceTree = "<group>";
		};
		EF1992B9201F6A9600D06A94 /* Storyboards */ = {
			isa = PBXGroup;
			children = (
				EF199287201F698900D06A94 /* Main.storyboard */,
			);
			path = Storyboards;
			sourceTree = "<group>";
		};
/* End PBXGroup section */

/* Begin PBXNativeTarget section */
		EF19927D201F698900D06A94 /* CurrencyInfo */ = {
			isa = PBXNativeTarget;
			buildConfigurationList = EF1992A8201F698900D06A94 /* Build configuration list for PBXNativeTarget "CurrencyInfo" */;
			buildPhases = (
				4A97FE708CC3EC5E01DA56AD /* [CP] Check Pods Manifest.lock */,
				EF19927A201F698900D06A94 /* Sources */,
				EF19927B201F698900D06A94 /* Frameworks */,
				EF19927C201F698900D06A94 /* Resources */,
				DFB4639DD202D94FD8424500 /* [CP] Embed Pods Frameworks */,
				9EBCE04A072BF58185529E46 /* [CP] Copy Pods Resources */,
			);
			buildRules = (
			);
			dependencies = (
			);
			name = CurrencyInfo;
			productName = CurrencyInfo;
			productReference = EF19927E201F698900D06A94 /* CurrencyInfo.app */;
			productType = "com.apple.product-type.application";
		};
		EF199293201F698900D06A94 /* CurrencyInfoTests */ = {
			isa = PBXNativeTarget;
			buildConfigurationList = EF1992AB201F698900D06A94 /* Build configuration list for PBXNativeTarget "CurrencyInfoTests" */;
			buildPhases = (
				AA33425A4AF0C5CEA398A144 /* [CP] Check Pods Manifest.lock */,
				EF199290201F698900D06A94 /* Sources */,
				EF199291201F698900D06A94 /* Frameworks */,
				EF199292201F698900D06A94 /* Resources */,
				C26AAEE630B2DB02105CAA22 /* [CP] Embed Pods Frameworks */,
				FFB255807DEA6E17EC858F1E /* [CP] Copy Pods Resources */,
			);
			buildRules = (
			);
			dependencies = (
				EF199296201F698900D06A94 /* PBXTargetDependency */,
			);
			name = CurrencyInfoTests;
			productName = CurrencyInfoTests;
			productReference = EF199294201F698900D06A94 /* CurrencyInfoTests.xctest */;
			productType = "com.apple.product-type.bundle.unit-test";
		};
		EF19929E201F698900D06A94 /* CurrencyInfoUITests */ = {
			isa = PBXNativeTarget;
			buildConfigurationList = EF1992AE201F698900D06A94 /* Build configuration list for PBXNativeTarget "CurrencyInfoUITests" */;
			buildPhases = (
				865BFADBF04813DCBB82FD16 /* [CP] Check Pods Manifest.lock */,
				EF19929B201F698900D06A94 /* Sources */,
				EF19929C201F698900D06A94 /* Frameworks */,
				EF19929D201F698900D06A94 /* Resources */,
				B0E108ACF7ED83E1EDEDB3BD /* [CP] Embed Pods Frameworks */,
				96DC84870D54EBF5C4F310A7 /* [CP] Copy Pods Resources */,
			);
			buildRules = (
			);
			dependencies = (
				EF1992A1201F698900D06A94 /* PBXTargetDependency */,
			);
			name = CurrencyInfoUITests;
			productName = CurrencyInfoUITests;
			productReference = EF19929F201F698900D06A94 /* CurrencyInfoUITests.xctest */;
			productType = "com.apple.product-type.bundle.ui-testing";
		};
/* End PBXNativeTarget section */

/* Begin PBXProject section */
		EF199276201F698900D06A94 /* Project object */ = {
			isa = PBXProject;
			attributes = {
				LastSwiftUpdateCheck = 0900;
				LastUpgradeCheck = 0900;
				ORGANIZATIONNAME = CurrencyInfo;
				TargetAttributes = {
					EF19927D201F698900D06A94 = {
						CreatedOnToolsVersion = 9.0.1;
						ProvisioningStyle = Automatic;
					};
					EF199293201F698900D06A94 = {
						CreatedOnToolsVersion = 9.0.1;
						ProvisioningStyle = Automatic;
						TestTargetID = EF19927D201F698900D06A94;
					};
					EF19929E201F698900D06A94 = {
						CreatedOnToolsVersion = 9.0.1;
						ProvisioningStyle = Automatic;
						TestTargetID = EF19927D201F698900D06A94;
					};
				};
			};
			buildConfigurationList = EF199279201F698900D06A94 /* Build configuration list for PBXProject "CurrencyInfo" */;
			compatibilityVersion = "Xcode 8.0";
			developmentRegion = en;
			hasScannedForEncodings = 0;
			knownRegions = (
				en,
				Base,
			);
			mainGroup = EF199275201F698900D06A94;
			productRefGroup = EF19927F201F698900D06A94 /* Products */;
			projectDirPath = "";
			projectRoot = "";
			targets = (
				EF19927D201F698900D06A94 /* CurrencyInfo */,
				EF199293201F698900D06A94 /* CurrencyInfoTests */,
				EF19929E201F698900D06A94 /* CurrencyInfoUITests */,
			);
		};
/* End PBXProject section */

/* Begin PBXResourcesBuildPhase section */
		EF19927C201F698900D06A94 /* Resources */ = {
			isa = PBXResourcesBuildPhase;
			buildActionMask = 2147483647;
			files = (
				EF19928E201F698900D06A94 /* LaunchScreen.storyboard in Resources */,
				EF19928B201F698900D06A94 /* Assets.xcassets in Resources */,
				EF199289201F698900D06A94 /* Main.storyboard in Resources */,
				EF78CFB820209F7200843D9A /* GoogleService-Info.plist in Resources */,
			);
			runOnlyForDeploymentPostprocessing = 0;
		};
		EF199292201F698900D06A94 /* Resources */ = {
			isa = PBXResourcesBuildPhase;
			buildActionMask = 2147483647;
			files = (
			);
			runOnlyForDeploymentPostprocessing = 0;
		};
		EF19929D201F698900D06A94 /* Resources */ = {
			isa = PBXResourcesBuildPhase;
			buildActionMask = 2147483647;
			files = (
			);
			runOnlyForDeploymentPostprocessing = 0;
		};
/* End PBXResourcesBuildPhase section */

/* Begin PBXShellScriptBuildPhase section */
		4A97FE708CC3EC5E01DA56AD /* [CP] Check Pods Manifest.lock */ = {
			isa = PBXShellScriptBuildPhase;
			buildActionMask = 2147483647;
			files = (
			);
			inputPaths = (
			);
			name = "[CP] Check Pods Manifest.lock";
			outputPaths = (
			);
			runOnlyForDeploymentPostprocessing = 0;
			shellPath = /bin/sh;
			shellScript = "diff \"${PODS_ROOT}/../Podfile.lock\" \"${PODS_ROOT}/Manifest.lock\" > /dev/null\nif [ $? != 0 ] ; then\n    # print error to STDERR\n    echo \"error: The sandbox is not in sync with the Podfile.lock. Run 'pod install' or update your CocoaPods installation.\" >&2\n    exit 1\nfi\n";
			showEnvVarsInLog = 0;
		};
		865BFADBF04813DCBB82FD16 /* [CP] Check Pods Manifest.lock */ = {
			isa = PBXShellScriptBuildPhase;
			buildActionMask = 2147483647;
			files = (
			);
			inputPaths = (
			);
			name = "[CP] Check Pods Manifest.lock";
			outputPaths = (
			);
			runOnlyForDeploymentPostprocessing = 0;
			shellPath = /bin/sh;
			shellScript = "diff \"${PODS_ROOT}/../Podfile.lock\" \"${PODS_ROOT}/Manifest.lock\" > /dev/null\nif [ $? != 0 ] ; then\n    # print error to STDERR\n    echo \"error: The sandbox is not in sync with the Podfile.lock. Run 'pod install' or update your CocoaPods installation.\" >&2\n    exit 1\nfi\n";
			showEnvVarsInLog = 0;
		};
		96DC84870D54EBF5C4F310A7 /* [CP] Copy Pods Resources */ = {
			isa = PBXShellScriptBuildPhase;
			buildActionMask = 2147483647;
			files = (
			);
			inputPaths = (
			);
			name = "[CP] Copy Pods Resources";
			outputPaths = (
			);
			runOnlyForDeploymentPostprocessing = 0;
			shellPath = /bin/sh;
			shellScript = "\"${SRCROOT}/Pods/Target Support Files/Pods-CurrencyInfoUITests/Pods-CurrencyInfoUITests-resources.sh\"\n";
			showEnvVarsInLog = 0;
		};
		9EBCE04A072BF58185529E46 /* [CP] Copy Pods Resources */ = {
			isa = PBXShellScriptBuildPhase;
			buildActionMask = 2147483647;
			files = (
			);
			inputPaths = (
			);
			name = "[CP] Copy Pods Resources";
			outputPaths = (
			);
			runOnlyForDeploymentPostprocessing = 0;
			shellPath = /bin/sh;
			shellScript = "\"${SRCROOT}/Pods/Target Support Files/Pods-CurrencyInfo/Pods-CurrencyInfo-resources.sh\"\n";
			showEnvVarsInLog = 0;
		};
		AA33425A4AF0C5CEA398A144 /* [CP] Check Pods Manifest.lock */ = {
			isa = PBXShellScriptBuildPhase;
			buildActionMask = 2147483647;
			files = (
			);
			inputPaths = (
			);
			name = "[CP] Check Pods Manifest.lock";
			outputPaths = (
			);
			runOnlyForDeploymentPostprocessing = 0;
			shellPath = /bin/sh;
			shellScript = "diff \"${PODS_ROOT}/../Podfile.lock\" \"${PODS_ROOT}/Manifest.lock\" > /dev/null\nif [ $? != 0 ] ; then\n    # print error to STDERR\n    echo \"error: The sandbox is not in sync with the Podfile.lock. Run 'pod install' or update your CocoaPods installation.\" >&2\n    exit 1\nfi\n";
			showEnvVarsInLog = 0;
		};
		B0E108ACF7ED83E1EDEDB3BD /* [CP] Embed Pods Frameworks */ = {
			isa = PBXShellScriptBuildPhase;
			buildActionMask = 2147483647;
			files = (
			);
			inputPaths = (
			);
			name = "[CP] Embed Pods Frameworks";
			outputPaths = (
			);
			runOnlyForDeploymentPostprocessing = 0;
			shellPath = /bin/sh;
			shellScript = "\"${SRCROOT}/Pods/Target Support Files/Pods-CurrencyInfoUITests/Pods-CurrencyInfoUITests-frameworks.sh\"\n";
			showEnvVarsInLog = 0;
		};
		C26AAEE630B2DB02105CAA22 /* [CP] Embed Pods Frameworks */ = {
			isa = PBXShellScriptBuildPhase;
			buildActionMask = 2147483647;
			files = (
			);
			inputPaths = (
			);
			name = "[CP] Embed Pods Frameworks";
			outputPaths = (
			);
			runOnlyForDeploymentPostprocessing = 0;
			shellPath = /bin/sh;
			shellScript = "\"${SRCROOT}/Pods/Target Support Files/Pods-CurrencyInfoTests/Pods-CurrencyInfoTests-frameworks.sh\"\n";
			showEnvVarsInLog = 0;
		};
		DFB4639DD202D94FD8424500 /* [CP] Embed Pods Frameworks */ = {
			isa = PBXShellScriptBuildPhase;
			buildActionMask = 2147483647;
			files = (
			);
			inputPaths = (
			);
			name = "[CP] Embed Pods Frameworks";
			outputPaths = (
			);
			runOnlyForDeploymentPostprocessing = 0;
			shellPath = /bin/sh;
			shellScript = "\"${SRCROOT}/Pods/Target Support Files/Pods-CurrencyInfo/Pods-CurrencyInfo-frameworks.sh\"\n";
			showEnvVarsInLog = 0;
		};
		FFB255807DEA6E17EC858F1E /* [CP] Copy Pods Resources */ = {
			isa = PBXShellScriptBuildPhase;
			buildActionMask = 2147483647;
			files = (
			);
			inputPaths = (
			);
			name = "[CP] Copy Pods Resources";
			outputPaths = (
			);
			runOnlyForDeploymentPostprocessing = 0;
			shellPath = /bin/sh;
			shellScript = "\"${SRCROOT}/Pods/Target Support Files/Pods-CurrencyInfoTests/Pods-CurrencyInfoTests-resources.sh\"\n";
			showEnvVarsInLog = 0;
		};
/* End PBXShellScriptBuildPhase section */

/* Begin PBXSourcesBuildPhase section */
		EF19927A201F698900D06A94 /* Sources */ = {
			isa = PBXSourcesBuildPhase;
			buildActionMask = 2147483647;
			files = (
				EF1992C3201F6D3A00D06A94 /* CICoinInfo.swift in Sources */,
				EF1992C1201F6CE400D06A94 /* CIDao.swift in Sources */,
				EF78CFB4201F757A00843D9A /* CICoinInfoTableViewCell.swift in Sources */,
				EF1992C9201F6E0800D06A94 /* CICoinFollowViewModel.swift in Sources */,
				EF78CFB62020780300843D9A /* CICoinFollowTableViewCell.swift in Sources */,
				EF199282201F698900D06A94 /* AppDelegate.swift in Sources */,
				EF1992C7201F6DEC00D06A94 /* CICoinListViewModel.swift in Sources */,
				EF1992BD201F6B1C00D06A94 /* CIFollowController.swift in Sources */,
				EF1992CB201F6F0700D06A94 /* CICoinModel.swift in Sources */,
				EF1992C5201F6DBA00D06A94 /* CICoinListController.swift in Sources */,
				EF1992BF201F6C6A00D06A94 /* CIService.swift in Sources */,
			);
			runOnlyForDeploymentPostprocessing = 0;
		};
		EF199290201F698900D06A94 /* Sources */ = {
			isa = PBXSourcesBuildPhase;
			buildActionMask = 2147483647;
			files = (
				EF199299201F698900D06A94 /* CurrencyInfoTests.swift in Sources */,
			);
			runOnlyForDeploymentPostprocessing = 0;
		};
		EF19929B201F698900D06A94 /* Sources */ = {
			isa = PBXSourcesBuildPhase;
			buildActionMask = 2147483647;
			files = (
				EF1992A4201F698900D06A94 /* CurrencyInfoUITests.swift in Sources */,
			);
			runOnlyForDeploymentPostprocessing = 0;
		};
/* End PBXSourcesBuildPhase section */

/* Begin PBXTargetDependency section */
		EF199296201F698900D06A94 /* PBXTargetDependency */ = {
			isa = PBXTargetDependency;
			target = EF19927D201F698900D06A94 /* CurrencyInfo */;
			targetProxy = EF199295201F698900D06A94 /* PBXContainerItemProxy */;
		};
		EF1992A1201F698900D06A94 /* PBXTargetDependency */ = {
			isa = PBXTargetDependency;
			target = EF19927D201F698900D06A94 /* CurrencyInfo */;
			targetProxy = EF1992A0201F698900D06A94 /* PBXContainerItemProxy */;
		};
/* End PBXTargetDependency section */

/* Begin PBXVariantGroup section */
		EF199287201F698900D06A94 /* Main.storyboard */ = {
			isa = PBXVariantGroup;
			children = (
				EF199288201F698900D06A94 /* Base */,
			);
			name = Main.storyboard;
			sourceTree = "<group>";
		};
		EF19928C201F698900D06A94 /* LaunchScreen.storyboard */ = {
			isa = PBXVariantGroup;
			children = (
				EF19928D201F698900D06A94 /* Base */,
			);
			name = LaunchScreen.storyboard;
			sourceTree = "<group>";
		};
/* End PBXVariantGroup section */

/* Begin XCBuildConfiguration section */
		EF1992A6201F698900D06A94 /* Debug */ = {
			isa = XCBuildConfiguration;
			buildSettings = {
				ALWAYS_SEARCH_USER_PATHS = NO;
				CLANG_ANALYZER_NONNULL = YES;
				CLANG_ANALYZER_NUMBER_OBJECT_CONVERSION = YES_AGGRESSIVE;
				CLANG_CXX_LANGUAGE_STANDARD = "gnu++14";
				CLANG_CXX_LIBRARY = "libc++";
				CLANG_ENABLE_MODULES = YES;
				CLANG_ENABLE_OBJC_ARC = YES;
				CLANG_WARN_BLOCK_CAPTURE_AUTORELEASING = YES;
				CLANG_WARN_BOOL_CONVERSION = YES;
				CLANG_WARN_COMMA = YES;
				CLANG_WARN_CONSTANT_CONVERSION = YES;
				CLANG_WARN_DIRECT_OBJC_ISA_USAGE = YES_ERROR;
				CLANG_WARN_DOCUMENTATION_COMMENTS = YES;
				CLANG_WARN_EMPTY_BODY = YES;
				CLANG_WARN_ENUM_CONVERSION = YES;
				CLANG_WARN_INFINITE_RECURSION = YES;
				CLANG_WARN_INT_CONVERSION = YES;
				CLANG_WARN_NON_LITERAL_NULL_CONVERSION = YES;
				CLANG_WARN_OBJC_LITERAL_CONVERSION = YES;
				CLANG_WARN_OBJC_ROOT_CLASS = YES_ERROR;
				CLANG_WARN_RANGE_LOOP_ANALYSIS = YES;
				CLANG_WARN_STRICT_PROTOTYPES = YES;
				CLANG_WARN_SUSPICIOUS_MOVE = YES;
				CLANG_WARN_UNGUARDED_AVAILABILITY = YES_AGGRESSIVE;
				CLANG_WARN_UNREACHABLE_CODE = YES;
				CLANG_WARN__DUPLICATE_METHOD_MATCH = YES;
				CODE_SIGN_IDENTITY = "iPhone Developer";
				COPY_PHASE_STRIP = NO;
				DEBUG_INFORMATION_FORMAT = dwarf;
				ENABLE_STRICT_OBJC_MSGSEND = YES;
				ENABLE_TESTABILITY = YES;
				GCC_C_LANGUAGE_STANDARD = gnu11;
				GCC_DYNAMIC_NO_PIC = NO;
				GCC_NO_COMMON_BLOCKS = YES;
				GCC_OPTIMIZATION_LEVEL = 0;
				GCC_PREPROCESSOR_DEFINITIONS = (
					"DEBUG=1",
					"$(inherited)",
				);
				GCC_WARN_64_TO_32_BIT_CONVERSION = YES;
				GCC_WARN_ABOUT_RETURN_TYPE = YES_ERROR;
				GCC_WARN_UNDECLARED_SELECTOR = YES;
				GCC_WARN_UNINITIALIZED_AUTOS = YES_AGGRESSIVE;
				GCC_WARN_UNUSED_FUNCTION = YES;
				GCC_WARN_UNUSED_VARIABLE = YES;
				IPHONEOS_DEPLOYMENT_TARGET = 11.0;
				MTL_ENABLE_DEBUG_INFO = YES;
				ONLY_ACTIVE_ARCH = YES;
				SDKROOT = iphoneos;
				SWIFT_ACTIVE_COMPILATION_CONDITIONS = DEBUG;
				SWIFT_OPTIMIZATION_LEVEL = "-Onone";
			};
			name = Debug;
		};
		EF1992A7201F698900D06A94 /* Release */ = {
			isa = XCBuildConfiguration;
			buildSettings = {
				ALWAYS_SEARCH_USER_PATHS = NO;
				CLANG_ANALYZER_NONNULL = YES;
				CLANG_ANALYZER_NUMBER_OBJECT_CONVERSION = YES_AGGRESSIVE;
				CLANG_CXX_LANGUAGE_STANDARD = "gnu++14";
				CLANG_CXX_LIBRARY = "libc++";
				CLANG_ENABLE_MODULES = YES;
				CLANG_ENABLE_OBJC_ARC = YES;
				CLANG_WARN_BLOCK_CAPTURE_AUTORELEASING = YES;
				CLANG_WARN_BOOL_CONVERSION = YES;
				CLANG_WARN_COMMA = YES;
				CLANG_WARN_CONSTANT_CONVERSION = YES;
				CLANG_WARN_DIRECT_OBJC_ISA_USAGE = YES_ERROR;
				CLANG_WARN_DOCUMENTATION_COMMENTS = YES;
				CLANG_WARN_EMPTY_BODY = YES;
				CLANG_WARN_ENUM_CONVERSION = YES;
				CLANG_WARN_INFINITE_RECURSION = YES;
				CLANG_WARN_INT_CONVERSION = YES;
				CLANG_WARN_NON_LITERAL_NULL_CONVERSION = YES;
				CLANG_WARN_OBJC_LITERAL_CONVERSION = YES;
				CLANG_WARN_OBJC_ROOT_CLASS = YES_ERROR;
				CLANG_WARN_RANGE_LOOP_ANALYSIS = YES;
				CLANG_WARN_STRICT_PROTOTYPES = YES;
				CLANG_WARN_SUSPICIOUS_MOVE = YES;
				CLANG_WARN_UNGUARDED_AVAILABILITY = YES_AGGRESSIVE;
				CLANG_WARN_UNREACHABLE_CODE = YES;
				CLANG_WARN__DUPLICATE_METHOD_MATCH = YES;
				CODE_SIGN_IDENTITY = "iPhone Developer";
				COPY_PHASE_STRIP = NO;
				DEBUG_INFORMATION_FORMAT = "dwarf-with-dsym";
				ENABLE_NS_ASSERTIONS = NO;
				ENABLE_STRICT_OBJC_MSGSEND = YES;
				GCC_C_LANGUAGE_STANDARD = gnu11;
				GCC_NO_COMMON_BLOCKS = YES;
				GCC_WARN_64_TO_32_BIT_CONVERSION = YES;
				GCC_WARN_ABOUT_RETURN_TYPE = YES_ERROR;
				GCC_WARN_UNDECLARED_SELECTOR = YES;
				GCC_WARN_UNINITIALIZED_AUTOS = YES_AGGRESSIVE;
				GCC_WARN_UNUSED_FUNCTION = YES;
				GCC_WARN_UNUSED_VARIABLE = YES;
				IPHONEOS_DEPLOYMENT_TARGET = 11.0;
				MTL_ENABLE_DEBUG_INFO = NO;
				SDKROOT = iphoneos;
				SWIFT_OPTIMIZATION_LEVEL = "-Owholemodule";
				VALIDATE_PRODUCT = YES;
			};
			name = Release;
		};
		EF1992A9201F698900D06A94 /* Debug */ = {
			isa = XCBuildConfiguration;
			baseConfigurationReference = 69A6B6CB3510A13A9D59C2FA /* Pods-CurrencyInfo.debug.xcconfig */;
			buildSettings = {
				ASSETCATALOG_COMPILER_APPICON_NAME = AppIcon;
				CODE_SIGN_STYLE = Automatic;
				DEVELOPMENT_TEAM = 8737F56868;
				INFOPLIST_FILE = CurrencyInfo/Info.plist;
				IPHONEOS_DEPLOYMENT_TARGET = 10.0;
				LD_RUNPATH_SEARCH_PATHS = "$(inherited) @executable_path/Frameworks";
				PRODUCT_BUNDLE_IDENTIFIER = com.ci.CurrencyInfo;
				PRODUCT_NAME = "$(TARGET_NAME)";
				SWIFT_VERSION = 4.0;
				TARGETED_DEVICE_FAMILY = "1,2";
			};
			name = Debug;
		};
		EF1992AA201F698900D06A94 /* Release */ = {
			isa = XCBuildConfiguration;
			baseConfigurationReference = 15D8C33A94DBF18C099A7BF5 /* Pods-CurrencyInfo.release.xcconfig */;
			buildSettings = {
				ASSETCATALOG_COMPILER_APPICON_NAME = AppIcon;
				CODE_SIGN_STYLE = Automatic;
				DEVELOPMENT_TEAM = 8737F56868;
				INFOPLIST_FILE = CurrencyInfo/Info.plist;
				IPHONEOS_DEPLOYMENT_TARGET = 10.0;
				LD_RUNPATH_SEARCH_PATHS = "$(inherited) @executable_path/Frameworks";
				PRODUCT_BUNDLE_IDENTIFIER = com.ci.CurrencyInfo;
				PRODUCT_NAME = "$(TARGET_NAME)";
				SWIFT_VERSION = 4.0;
				TARGETED_DEVICE_FAMILY = "1,2";
			};
			name = Release;
		};
		EF1992AC201F698900D06A94 /* Debug */ = {
			isa = XCBuildConfiguration;
			baseConfigurationReference = D07F6F687D5574D8DB840013 /* Pods-CurrencyInfoTests.debug.xcconfig */;
			buildSettings = {
				ALWAYS_EMBED_SWIFT_STANDARD_LIBRARIES = YES;
				BUNDLE_LOADER = "$(TEST_HOST)";
				CODE_SIGN_STYLE = Automatic;
				INFOPLIST_FILE = CurrencyInfoTests/Info.plist;
				LD_RUNPATH_SEARCH_PATHS = "$(inherited) @executable_path/Frameworks @loader_path/Frameworks";
				PRODUCT_BUNDLE_IDENTIFIER = com.ci.CurrencyInfoTests;
				PRODUCT_NAME = "$(TARGET_NAME)";
				SWIFT_VERSION = 4.0;
				TARGETED_DEVICE_FAMILY = "1,2";
				TEST_HOST = "$(BUILT_PRODUCTS_DIR)/CurrencyInfo.app/CurrencyInfo";
			};
			name = Debug;
		};
		EF1992AD201F698900D06A94 /* Release */ = {
			isa = XCBuildConfiguration;
			baseConfigurationReference = 6D8B28CB242410D7D4CFA569 /* Pods-CurrencyInfoTests.release.xcconfig */;
			buildSettings = {
				ALWAYS_EMBED_SWIFT_STANDARD_LIBRARIES = YES;
				BUNDLE_LOADER = "$(TEST_HOST)";
				CODE_SIGN_STYLE = Automatic;
				INFOPLIST_FILE = CurrencyInfoTests/Info.plist;
				LD_RUNPATH_SEARCH_PATHS = "$(inherited) @executable_path/Frameworks @loader_path/Frameworks";
				PRODUCT_BUNDLE_IDENTIFIER = com.ci.CurrencyInfoTests;
				PRODUCT_NAME = "$(TARGET_NAME)";
				SWIFT_VERSION = 4.0;
				TARGETED_DEVICE_FAMILY = "1,2";
				TEST_HOST = "$(BUILT_PRODUCTS_DIR)/CurrencyInfo.app/CurrencyInfo";
			};
			name = Release;
		};
		EF1992AF201F698900D06A94 /* Debug */ = {
			isa = XCBuildConfiguration;
			baseConfigurationReference = 11E181C931002613C8558409 /* Pods-CurrencyInfoUITests.debug.xcconfig */;
			buildSettings = {
				ALWAYS_EMBED_SWIFT_STANDARD_LIBRARIES = YES;
				CODE_SIGN_STYLE = Automatic;
				INFOPLIST_FILE = CurrencyInfoUITests/Info.plist;
				LD_RUNPATH_SEARCH_PATHS = "$(inherited) @executable_path/Frameworks @loader_path/Frameworks";
				PRODUCT_BUNDLE_IDENTIFIER = com.ci.CurrencyInfoUITests;
				PRODUCT_NAME = "$(TARGET_NAME)";
				SWIFT_VERSION = 4.0;
				TARGETED_DEVICE_FAMILY = "1,2";
				TEST_TARGET_NAME = CurrencyInfo;
			};
			name = Debug;
		};
		EF1992B0201F698900D06A94 /* Release */ = {
			isa = XCBuildConfiguration;
			baseConfigurationReference = 09D7CB90BCB7B4EFB445EAAC /* Pods-CurrencyInfoUITests.release.xcconfig */;
			buildSettings = {
				ALWAYS_EMBED_SWIFT_STANDARD_LIBRARIES = YES;
				CODE_SIGN_STYLE = Automatic;
				INFOPLIST_FILE = CurrencyInfoUITests/Info.plist;
				LD_RUNPATH_SEARCH_PATHS = "$(inherited) @executable_path/Frameworks @loader_path/Frameworks";
				PRODUCT_BUNDLE_IDENTIFIER = com.ci.CurrencyInfoUITests;
				PRODUCT_NAME = "$(TARGET_NAME)";
				SWIFT_VERSION = 4.0;
				TARGETED_DEVICE_FAMILY = "1,2";
				TEST_TARGET_NAME = CurrencyInfo;
			};
			name = Release;
		};
/* End XCBuildConfiguration section */

/* Begin XCConfigurationList section */
		EF199279201F698900D06A94 /* Build configuration list for PBXProject "CurrencyInfo" */ = {
			isa = XCConfigurationList;
			buildConfigurations = (
				EF1992A6201F698900D06A94 /* Debug */,
				EF1992A7201F698900D06A94 /* Release */,
			);
			defaultConfigurationIsVisible = 0;
			defaultConfigurationName = Release;
		};
		EF1992A8201F698900D06A94 /* Build configuration list for PBXNativeTarget "CurrencyInfo" */ = {
			isa = XCConfigurationList;
			buildConfigurations = (
				EF1992A9201F698900D06A94 /* Debug */,
				EF1992AA201F698900D06A94 /* Release */,
			);
			defaultConfigurationIsVisible = 0;
			defaultConfigurationName = Release;
		};
		EF1992AB201F698900D06A94 /* Build configuration list for PBXNativeTarget "CurrencyInfoTests" */ = {
			isa = XCConfigurationList;
			buildConfigurations = (
				EF1992AC201F698900D06A94 /* Debug */,
				EF1992AD201F698900D06A94 /* Release */,
			);
			defaultConfigurationIsVisible = 0;
			defaultConfigurationName = Release;
		};
		EF1992AE201F698900D06A94 /* Build configuration list for PBXNativeTarget "CurrencyInfoUITests" */ = {
			isa = XCConfigurationList;
			buildConfigurations = (
				EF1992AF201F698900D06A94 /* Debug */,
				EF1992B0201F698900D06A94 /* Release */,
			);
			defaultConfigurationIsVisible = 0;
			defaultConfigurationName = Release;
		};
/* End XCConfigurationList section */
	};
	rootObject = EF199276201F698900D06A94 /* Project object */;
}
